
Microsoft Visual Studio Solution File, Format Version 12.00
# Visual Studio Version 16
VisualStudioVersion = 16.0.31105.61
MinimumVisualStudioVersion = 10.0.40219.1
Project("{FAE04EC0-301F-11D3-BF4B-00C04F79EFBC}") = "MegaChallengeWar", "MegaChallengeWar\MegaChallengeWar.csproj", "{9B33E14E-F9A3-42E9-8904-1BD137CD4E4E}"
EndProject
Global
	GlobalSection(SolutionConfigurationPlatforms) = preSolution
		Debug|Any CPU = Debug|Any CPU
		Release|Any CPU = Release|Any CPU
	EndGlobalSection
	GlobalSection(ProjectConfigurationPlatforms) = postSolution
		{9B33E14E-F9A3-42E9-8904-1BD137CD4E4E}.Debug|Any CPU.ActiveCfg = Debug|Any CPU
		{9B33E14E-F9A3-42E9-8904-1BD137CD4E4E}.Debug|Any CPU.Build.0 = Debug|Any CPU
		{9B33E14E-F9A3-42E9-8904-1BD137CD4E4E}.Release|Any CPU.ActiveCfg = Release|Any CPU
		{9B33E14E-F9A3-42E9-8904-1BD137CD4E4E}.Release|Any CPU.Build.0 = Release|Any CPU
	EndGlobalSection
	GlobalSection(SolutionProperties) = preSolution
		HideSolutionNode = FALSE
	EndGlobalSection
	GlobalSection(ExtensibilityGlobals) = postSolution
		SolutionGuid = {F393C581-FD97-491A-84FF-D94F72AF084D}
	EndGlobalSection
EndGlobal
